
Microsoft Visual Studio Solution File, Format Version 12.00
# Visual Studio Version 17
VisualStudioVersion = 17.10.35013.160
MinimumVisualStudioVersion = 10.0.40219.1
Project("{9A19103F-16F7-4668-BE54-9A1E7A4F7556}") = "RunMultipleTasks", "RunMultipleTasks\RunMultipleTasks.csproj", "{04945FEB-FF9B-414B-BC4F-1EEB866B655F}"
EndProject
Global
	GlobalSection(SolutionConfigurationPlatforms) = preSolution
		Debug|Any CPU = Debug|Any CPU
		Release|Any CPU = Release|Any CPU
	EndGlobalSection
	GlobalSection(ProjectConfigurationPlatforms) = postSolution
		{04945FEB-FF9B-414B-BC4F-1EEB866B655F}.Debug|Any CPU.ActiveCfg = Debug|Any CPU
		{04945FEB-FF9B-414B-BC4F-1EEB866B655F}.Debug|Any CPU.Build.0 = Debug|Any CPU
		{04945FEB-FF9B-414B-BC4F-1EEB866B655F}.Release|Any CPU.ActiveCfg = Release|Any CPU
		{04945FEB-FF9B-414B-BC4F-1EEB866B655F}.Release|Any CPU.Build.0 = Release|Any CPU
	EndGlobalSection
	GlobalSection(SolutionProperties) = preSolution
		HideSolutionNode = FALSE
	EndGlobalSection
	GlobalSection(ExtensibilityGlobals) = postSolution
		SolutionGuid = {52005215-50E5-495E-AF2A-7FE00EF052F2}
	EndGlobalSection
EndGlobal
