
Microsoft Visual Studio Solution File, Format Version 12.00
# Visual Studio Version 17
VisualStudioVersion = 17.13.35828.75
MinimumVisualStudioVersion = 10.0.40219.1
Project("{FAE04EC0-301F-11D3-BF4B-00C04F79EFBC}") = "DeepDiveToDI.Api", "DeepDiveToDI.Api\DeepDiveToDI.Api.csproj", "{B33A6774-0A3B-4385-B4F7-699487B9762A}"
EndProject
Project("{FAE04EC0-301F-11D3-BF4B-00C04F79EFBC}") = "DeepDiveToDI.Domain", "DeepDiveToDI.Domain\DeepDiveToDI.Domain.csproj", "{4C1A6C94-507E-4155-8297-4DAD9B26A836}"
EndProject
Project("{FAE04EC0-301F-11D3-BF4B-00C04F79EFBC}") = "DeepDiveToDI.Console", "DeepDiveToDI.Console\DeepDiveToDI.Console.csproj", "{90022478-EA01-4D6C-A756-3BF5808B5B3E}"
EndProject
Global
	GlobalSection(SolutionConfigurationPlatforms) = preSolution
		Debug|Any CPU = Debug|Any CPU
		Release|Any CPU = Release|Any CPU
	EndGlobalSection
	GlobalSection(ProjectConfigurationPlatforms) = postSolution
		{B33A6774-0A3B-4385-B4F7-699487B9762A}.Debug|Any CPU.ActiveCfg = Debug|Any CPU
		{B33A6774-0A3B-4385-B4F7-699487B9762A}.Debug|Any CPU.Build.0 = Debug|Any CPU
		{B33A6774-0A3B-4385-B4F7-699487B9762A}.Release|Any CPU.ActiveCfg = Release|Any CPU
		{B33A6774-0A3B-4385-B4F7-699487B9762A}.Release|Any CPU.Build.0 = Release|Any CPU
		{4C1A6C94-507E-4155-8297-4DAD9B26A836}.Debug|Any CPU.ActiveCfg = Debug|Any CPU
		{4C1A6C94-507E-4155-8297-4DAD9B26A836}.Debug|Any CPU.Build.0 = Debug|Any CPU
		{4C1A6C94-507E-4155-8297-4DAD9B26A836}.Release|Any CPU.ActiveCfg = Release|Any CPU
		{4C1A6C94-507E-4155-8297-4DAD9B26A836}.Release|Any CPU.Build.0 = Release|Any CPU
		{90022478-EA01-4D6C-A756-3BF5808B5B3E}.Debug|Any CPU.ActiveCfg = Debug|Any CPU
		{90022478-EA01-4D6C-A756-3BF5808B5B3E}.Debug|Any CPU.Build.0 = Debug|Any CPU
		{90022478-EA01-4D6C-A756-3BF5808B5B3E}.Release|Any CPU.ActiveCfg = Release|Any CPU
		{90022478-EA01-4D6C-A756-3BF5808B5B3E}.Release|Any CPU.Build.0 = Release|Any CPU
	EndGlobalSection
	GlobalSection(SolutionProperties) = preSolution
		HideSolutionNode = FALSE
	EndGlobalSection
	GlobalSection(ExtensibilityGlobals) = postSolution
		SolutionGuid = {36F58B7F-E374-4946-AAA6-8CB7A4524E7E}
	EndGlobalSection
EndGlobal
