
Microsoft Visual Studio Solution File, Format Version 12.00
# Visual Studio Version 17
VisualStudioVersion = 17.7.34031.279
MinimumVisualStudioVersion = 10.0.40219.1
Project("{FAE04EC0-301F-11D3-BF4B-00C04F79EFBC}") = "XUnitSample", "XUnitSample\XUnitSample.csproj", "{C6721AF2-9414-4C05-BD43-B1A7BEC24D32}"
EndProject
Global
	GlobalSection(SolutionConfigurationPlatforms) = preSolution
		Debug|Any CPU = Debug|Any CPU
		Release|Any CPU = Release|Any CPU
	EndGlobalSection
	GlobalSection(ProjectConfigurationPlatforms) = postSolution
		{C6721AF2-9414-4C05-BD43-B1A7BEC24D32}.Debug|Any CPU.ActiveCfg = Debug|Any CPU
		{C6721AF2-9414-4C05-BD43-B1A7BEC24D32}.Debug|Any CPU.Build.0 = Debug|Any CPU
		{C6721AF2-9414-4C05-BD43-B1A7BEC24D32}.Release|Any CPU.ActiveCfg = Release|Any CPU
		{C6721AF2-9414-4C05-BD43-B1A7BEC24D32}.Release|Any CPU.Build.0 = Release|Any CPU
	EndGlobalSection
	GlobalSection(SolutionProperties) = preSolution
		HideSolutionNode = FALSE
	EndGlobalSection
	GlobalSection(ExtensibilityGlobals) = postSolution
		SolutionGuid = {2B92FF69-2F94-4E15-AE12-F9517EBE2951}
	EndGlobalSection
EndGlobal
