
Microsoft Visual Studio Solution File, Format Version 12.00
# Visual Studio Version 17
VisualStudioVersion = 17.11.35312.102
MinimumVisualStudioVersion = 10.0.40219.1
Project("{9A19103F-16F7-4668-BE54-9A1E7A4F7556}") = "KafkaWithBlockingCollection", "KafkaWithBlockingCollection.csproj", "{26D464C6-07A5-4889-83E6-9EC7AAF34607}"
EndProject
Global
	GlobalSection(SolutionConfigurationPlatforms) = preSolution
		Debug|Any CPU = Debug|Any CPU
		Release|Any CPU = Release|Any CPU
	EndGlobalSection
	GlobalSection(ProjectConfigurationPlatforms) = postSolution
		{26D464C6-07A5-4889-83E6-9EC7AAF34607}.Debug|Any CPU.ActiveCfg = Debug|Any CPU
		{26D464C6-07A5-4889-83E6-9EC7AAF34607}.Debug|Any CPU.Build.0 = Debug|Any CPU
		{26D464C6-07A5-4889-83E6-9EC7AAF34607}.Release|Any CPU.ActiveCfg = Release|Any CPU
		{26D464C6-07A5-4889-83E6-9EC7AAF34607}.Release|Any CPU.Build.0 = Release|Any CPU
	EndGlobalSection
	GlobalSection(SolutionProperties) = preSolution
		HideSolutionNode = FALSE
	EndGlobalSection
	GlobalSection(ExtensibilityGlobals) = postSolution
		SolutionGuid = {CC5A0148-098A-45E9-BA05-73FBDB7E4F8D}
	EndGlobalSection
EndGlobal
