
Microsoft Visual Studio Solution File, Format Version 12.00
# Visual Studio Version 17
VisualStudioVersion = 17.13.35828.75
MinimumVisualStudioVersion = 10.0.40219.1
Project("{FAE04EC0-301F-11D3-BF4B-00C04F79EFBC}") = "BlazorSimpleAuth", "BlazorSimpleAuth.csproj", "{7230771D-9B02-3CDA-1AB1-E4C7331AEC5B}"
EndProject
Global
	GlobalSection(SolutionConfigurationPlatforms) = preSolution
		Debug|Any CPU = Debug|Any CPU
		Release|Any CPU = Release|Any CPU
	EndGlobalSection
	GlobalSection(ProjectConfigurationPlatforms) = postSolution
		{7230771D-9B02-3CDA-1AB1-E4C7331AEC5B}.Debug|Any CPU.ActiveCfg = Debug|Any CPU
		{7230771D-9B02-3CDA-1AB1-E4C7331AEC5B}.Debug|Any CPU.Build.0 = Debug|Any CPU
		{7230771D-9B02-3CDA-1AB1-E4C7331AEC5B}.Release|Any CPU.ActiveCfg = Release|Any CPU
		{7230771D-9B02-3CDA-1AB1-E4C7331AEC5B}.Release|Any CPU.Build.0 = Release|Any CPU
	EndGlobalSection
	GlobalSection(SolutionProperties) = preSolution
		HideSolutionNode = FALSE
	EndGlobalSection
	GlobalSection(ExtensibilityGlobals) = postSolution
		SolutionGuid = {F0C49567-4FB6-4B05-9EE3-6C23EC0209D1}
	EndGlobalSection
EndGlobal
