
Microsoft Visual Studio Solution File, Format Version 12.00
# Visual Studio Version 17
VisualStudioVersion = 17.8.34316.72
MinimumVisualStudioVersion = 10.0.40219.1
Project("{FAE04EC0-301F-11D3-BF4B-00C04F79EFBC}") = "HttpClientProblem", "HttpClientProblem\HttpClientProblem.csproj", "{3195AEC8-1075-48AF-A163-6D3A377C3FCA}"
EndProject
Global
	GlobalSection(SolutionConfigurationPlatforms) = preSolution
		Debug|Any CPU = Debug|Any CPU
		Release|Any CPU = Release|Any CPU
	EndGlobalSection
	GlobalSection(ProjectConfigurationPlatforms) = postSolution
		{3195AEC8-1075-48AF-A163-6D3A377C3FCA}.Debug|Any CPU.ActiveCfg = Debug|Any CPU
		{3195AEC8-1075-48AF-A163-6D3A377C3FCA}.Debug|Any CPU.Build.0 = Debug|Any CPU
		{3195AEC8-1075-48AF-A163-6D3A377C3FCA}.Release|Any CPU.ActiveCfg = Release|Any CPU
		{3195AEC8-1075-48AF-A163-6D3A377C3FCA}.Release|Any CPU.Build.0 = Release|Any CPU
	EndGlobalSection
	GlobalSection(SolutionProperties) = preSolution
		HideSolutionNode = FALSE
	EndGlobalSection
	GlobalSection(ExtensibilityGlobals) = postSolution
		SolutionGuid = {F6D27B08-0C56-4EF6-A1E9-3F2AECA2F368}
	EndGlobalSection
EndGlobal
