
Microsoft Visual Studio Solution File, Format Version 12.00
# Visual Studio Version 17
VisualStudioVersion = 17.9.34728.123
MinimumVisualStudioVersion = 10.0.40219.1
Project("{FAE04EC0-301F-11D3-BF4B-00C04F79EFBC}") = "PolicyBasedAuthorization", "PolicyBasedAuthorization\PolicyBasedAuthorization.csproj", "{1A823711-8327-4584-87FD-219818D9FF0B}"
EndProject
Global
	GlobalSection(SolutionConfigurationPlatforms) = preSolution
		Debug|Any CPU = Debug|Any CPU
		Release|Any CPU = Release|Any CPU
	EndGlobalSection
	GlobalSection(ProjectConfigurationPlatforms) = postSolution
		{1A823711-8327-4584-87FD-219818D9FF0B}.Debug|Any CPU.ActiveCfg = Debug|Any CPU
		{1A823711-8327-4584-87FD-219818D9FF0B}.Debug|Any CPU.Build.0 = Debug|Any CPU
		{1A823711-8327-4584-87FD-219818D9FF0B}.Release|Any CPU.ActiveCfg = Release|Any CPU
		{1A823711-8327-4584-87FD-219818D9FF0B}.Release|Any CPU.Build.0 = Release|Any CPU
	EndGlobalSection
	GlobalSection(SolutionProperties) = preSolution
		HideSolutionNode = FALSE
	EndGlobalSection
	GlobalSection(ExtensibilityGlobals) = postSolution
		SolutionGuid = {AA193A62-5274-4EAA-AAFA-DD92A43709A1}
	EndGlobalSection
EndGlobal
