
Microsoft Visual Studio Solution File, Format Version 12.00
# Visual Studio Version 17
VisualStudioVersion = 17.10.35013.160
MinimumVisualStudioVersion = 10.0.40219.1
Project("{FAE04EC0-301F-11D3-BF4B-00C04F79EFBC}") = "AsyncAwaitIssue", "AsyncAwaitIssue\AsyncAwaitIssue.csproj", "{1DF60604-0EAB-4441-A751-2C4DAB1AFDBD}"
EndProject
Global
	GlobalSection(SolutionConfigurationPlatforms) = preSolution
		Debug|Any CPU = Debug|Any CPU
		Release|Any CPU = Release|Any CPU
	EndGlobalSection
	GlobalSection(ProjectConfigurationPlatforms) = postSolution
		{1DF60604-0EAB-4441-A751-2C4DAB1AFDBD}.Debug|Any CPU.ActiveCfg = Debug|Any CPU
		{1DF60604-0EAB-4441-A751-2C4DAB1AFDBD}.Debug|Any CPU.Build.0 = Debug|Any CPU
		{1DF60604-0EAB-4441-A751-2C4DAB1AFDBD}.Release|Any CPU.ActiveCfg = Release|Any CPU
		{1DF60604-0EAB-4441-A751-2C4DAB1AFDBD}.Release|Any CPU.Build.0 = Release|Any CPU
	EndGlobalSection
	GlobalSection(SolutionProperties) = preSolution
		HideSolutionNode = FALSE
	EndGlobalSection
	GlobalSection(ExtensibilityGlobals) = postSolution
		SolutionGuid = {0833B444-1882-405C-90C0-5248A546B25E}
	EndGlobalSection
EndGlobal
