
Microsoft Visual Studio Solution File, Format Version 12.00
# Visual Studio Version 17
VisualStudioVersion = 17.10.35013.160
MinimumVisualStudioVersion = 10.0.40219.1
Project("{9A19103F-16F7-4668-BE54-9A1E7A4F7556}") = "EFCoreLargeData", "EFCoreLargeData.csproj", "{AB1ACD4F-910E-43E9-B03B-0216C5B32D42}"
EndProject
Global
	GlobalSection(SolutionConfigurationPlatforms) = preSolution
		Debug|Any CPU = Debug|Any CPU
		Release|Any CPU = Release|Any CPU
	EndGlobalSection
	GlobalSection(ProjectConfigurationPlatforms) = postSolution
		{AB1ACD4F-910E-43E9-B03B-0216C5B32D42}.Debug|Any CPU.ActiveCfg = Debug|Any CPU
		{AB1ACD4F-910E-43E9-B03B-0216C5B32D42}.Debug|Any CPU.Build.0 = Debug|Any CPU
		{AB1ACD4F-910E-43E9-B03B-0216C5B32D42}.Release|Any CPU.ActiveCfg = Release|Any CPU
		{AB1ACD4F-910E-43E9-B03B-0216C5B32D42}.Release|Any CPU.Build.0 = Release|Any CPU
	EndGlobalSection
	GlobalSection(SolutionProperties) = preSolution
		HideSolutionNode = FALSE
	EndGlobalSection
	GlobalSection(ExtensibilityGlobals) = postSolution
		SolutionGuid = {95A1774C-674F-4EFC-8BF3-A36E18FC82C6}
	EndGlobalSection
EndGlobal
