
Microsoft Visual Studio Solution File, Format Version 12.00
# Visual Studio Version 17
VisualStudioVersion = 17.8.34316.72
MinimumVisualStudioVersion = 10.0.40219.1
Project("{FAE04EC0-301F-11D3-BF4B-00C04F79EFBC}") = "CustomMediatR", "CustomMediatR\CustomMediatR.csproj", "{401CCA4C-7860-44B7-93B5-E77EA59EFE0E}"
EndProject
Global
	GlobalSection(SolutionConfigurationPlatforms) = preSolution
		Debug|Any CPU = Debug|Any CPU
		Release|Any CPU = Release|Any CPU
	EndGlobalSection
	GlobalSection(ProjectConfigurationPlatforms) = postSolution
		{401CCA4C-7860-44B7-93B5-E77EA59EFE0E}.Debug|Any CPU.ActiveCfg = Debug|Any CPU
		{401CCA4C-7860-44B7-93B5-E77EA59EFE0E}.Debug|Any CPU.Build.0 = Debug|Any CPU
		{401CCA4C-7860-44B7-93B5-E77EA59EFE0E}.Release|Any CPU.ActiveCfg = Release|Any CPU
		{401CCA4C-7860-44B7-93B5-E77EA59EFE0E}.Release|Any CPU.Build.0 = Release|Any CPU
	EndGlobalSection
	GlobalSection(SolutionProperties) = preSolution
		HideSolutionNode = FALSE
	EndGlobalSection
	GlobalSection(ExtensibilityGlobals) = postSolution
		SolutionGuid = {9E8C0EC4-1270-4328-BB48-6F74E64EAEE3}
	EndGlobalSection
EndGlobal
