
Microsoft Visual Studio Solution File, Format Version 12.00
# Visual Studio Version 17
VisualStudioVersion = 17.8.34316.72
MinimumVisualStudioVersion = 10.0.40219.1
Project("{FAE04EC0-301F-11D3-BF4B-00C04F79EFBC}") = "MultiLayerCache", "MultiLayerCache\MultiLayerCache.csproj", "{EE4D42D8-C0D2-44DD-9660-D3CF8BAB147C}"
EndProject
Global
	GlobalSection(SolutionConfigurationPlatforms) = preSolution
		Debug|Any CPU = Debug|Any CPU
		Release|Any CPU = Release|Any CPU
	EndGlobalSection
	GlobalSection(ProjectConfigurationPlatforms) = postSolution
		{EE4D42D8-C0D2-44DD-9660-D3CF8BAB147C}.Debug|Any CPU.ActiveCfg = Debug|Any CPU
		{EE4D42D8-C0D2-44DD-9660-D3CF8BAB147C}.Debug|Any CPU.Build.0 = Debug|Any CPU
		{EE4D42D8-C0D2-44DD-9660-D3CF8BAB147C}.Release|Any CPU.ActiveCfg = Release|Any CPU
		{EE4D42D8-C0D2-44DD-9660-D3CF8BAB147C}.Release|Any CPU.Build.0 = Release|Any CPU
	EndGlobalSection
	GlobalSection(SolutionProperties) = preSolution
		HideSolutionNode = FALSE
	EndGlobalSection
	GlobalSection(ExtensibilityGlobals) = postSolution
		SolutionGuid = {C6A1B771-91A9-4925-9BC3-C7E8274A0B22}
	EndGlobalSection
EndGlobal
